// !$*UTF8*$!
{
	archiveVersion = 1;
	classes = {
	};
	objectVersion = 46;
	objects = {

/* Begin PBXAggregateTarget section */
		D06CB23D17A2E8F900A1310B /* Mogenerator */ = {
			isa = PBXAggregateTarget;
			buildConfigurationList = D06CB23E17A2E8F900A1310B /* Build configuration list for PBXAggregateTarget "Mogenerator" */;
			buildPhases = (
				D06CB24117A2E91D00A1310B /* ShellScript */,
			);
			dependencies = (
			);
			name = Mogenerator;
			productName = Mogenerator;
		};
/* End PBXAggregateTarget section */

/* Begin PBXBuildFile section */
		D00A956319E6226D00B9B8E4 /* OCSharingProvider.m in Sources */ = {isa = PBXBuildFile; fileRef = D00A956219E6226D00B9B8E4 /* OCSharingProvider.m */; };
		D01ACADB17B83637005D1463 /* rd_list.c in Sources */ = {isa = PBXBuildFile; fileRef = D01ACABA17B83637005D1463 /* rd_list.c */; };
		D01ACADC17B83637005D1463 /* readable.c in Sources */ = {isa = PBXBuildFile; fileRef = D01ACABC17B83637005D1463 /* readable.c */; };
		D01ACAFC17B969FE005D1463 /* NSDictionary+HandleNull.m in Sources */ = {isa = PBXBuildFile; fileRef = D01ACAFB17B969FE005D1463 /* NSDictionary+HandleNull.m */; };
		D023001B1A58C0E800B354E0 /* Launch Screen.xib in Resources */ = {isa = PBXBuildFile; fileRef = D023001A1A58C0E800B354E0 /* Launch Screen.xib */; };
		D02CCAF41CE7E27300F6CCEC /* WebKit.framework in Frameworks */ = {isa = PBXBuildFile; fileRef = D02CCAF31CE7E27300F6CCEC /* WebKit.framework */; };
		D035160819DA403E0016573F /* PDKeychainBindings.m in Sources */ = {isa = PBXBuildFile; fileRef = D035160519DA403E0016573F /* PDKeychainBindings.m */; };
		D035160A19DA403E0016573F /* PDKeychainBindingsController.m in Sources */ = {isa = PBXBuildFile; fileRef = D035160719DA403E0016573F /* PDKeychainBindingsController.m */; };
		D03689D019087A2800EE4BAA /* MobileCoreServices.framework in Frameworks */ = {isa = PBXBuildFile; fileRef = D03689CD19087A1B00EE4BAA /* MobileCoreServices.framework */; };
		D042A9A320842E340086FBE9 /* OCThemeSettingsController.m in Sources */ = {isa = PBXBuildFile; fileRef = D042A9A220842E340086FBE9 /* OCThemeSettingsController.m */; };
		D04AD65F1807125600FF6056 /* _Folder.m in Sources */ = {isa = PBXBuildFile; fileRef = D04AD65C1807125600FF6056 /* _Folder.m */; };
		D04AD6601807125600FF6056 /* Folder.m in Sources */ = {isa = PBXBuildFile; fileRef = D04AD65E1807125600FF6056 /* Folder.m */; };
		D04C7DD51BABBEFC000FB342 /* libpcre.a in Frameworks */ = {isa = PBXBuildFile; fileRef = D04C7DCB1BABBEFC000FB342 /* libpcre.a */; };
		D04C7DD71BABBEFC000FB342 /* libpcrecpp.a in Frameworks */ = {isa = PBXBuildFile; fileRef = D04C7DCD1BABBEFC000FB342 /* libpcrecpp.a */; };
		D04C7DD91BABBEFC000FB342 /* libpcreposix.a in Frameworks */ = {isa = PBXBuildFile; fileRef = D04C7DCF1BABBEFC000FB342 /* libpcreposix.a */; };
		D0622FEA18C4EBEC0032E622 /* News.xcmappingmodel in Resources */ = {isa = PBXBuildFile; fileRef = D0622FE918C4EBEC0032E622 /* News.xcmappingmodel */; };
		D06CB21F179C887300A1310B /* OCArticleCell~iphone.xib in Resources */ = {isa = PBXBuildFile; fileRef = D06CB21E179C887300A1310B /* OCArticleCell~iphone.xib */; };
		D06CB221179C8E7500A1310B /* defaults~iphone.plist in Resources */ = {isa = PBXBuildFile; fileRef = D06CB220179C8E7500A1310B /* defaults~iphone.plist */; };
		D06CB22B179F5FCE00A1310B /* script.js in Resources */ = {isa = PBXBuildFile; fileRef = D0BCAC61178104FC00C965F4 /* script.js */; };
		D06CB22E17A06E4F00A1310B /* News.xcdatamodeld in Sources */ = {isa = PBXBuildFile; fileRef = D06CB22C17A06E4E00A1310B /* News.xcdatamodeld */; };
		D06CB23117A073AA00A1310B /* Feed.m in Sources */ = {isa = PBXBuildFile; fileRef = D06CB23017A073A900A1310B /* Feed.m */; };
		D06CB23417A073C500A1310B /* Item.m in Sources */ = {isa = PBXBuildFile; fileRef = D06CB23317A073C400A1310B /* Item.m */; };
		D06CB23617A074AA00A1310B /* CoreData.framework in Frameworks */ = {isa = PBXBuildFile; fileRef = D06CB23517A074AA00A1310B /* CoreData.framework */; };
		D06CB23917A0A0AA00A1310B /* OCNewsHelper.m in Sources */ = {isa = PBXBuildFile; fileRef = D06CB23817A0A0A900A1310B /* OCNewsHelper.m */; };
		D06CB23C17A1F88C00A1310B /* Feeds.m in Sources */ = {isa = PBXBuildFile; fileRef = D06CB23B17A1F88A00A1310B /* Feeds.m */; };
		D06CB24817A2EA9300A1310B /* _Feed.m in Sources */ = {isa = PBXBuildFile; fileRef = D06CB24317A2EA8C00A1310B /* _Feed.m */; };
		D06CB24917A2EA9300A1310B /* _Feeds.m in Sources */ = {isa = PBXBuildFile; fileRef = D06CB24517A2EA8F00A1310B /* _Feeds.m */; };
		D06CB24A17A2EA9300A1310B /* _Item.m in Sources */ = {isa = PBXBuildFile; fileRef = D06CB24717A2EA9200A1310B /* _Item.m */; };
		D0735DC31F83378A002D3AB3 /* KSCrash.framework in Frameworks */ = {isa = PBXBuildFile; fileRef = D0735DC01F83378A002D3AB3 /* KSCrash.framework */; };
		D0735DC41F83378A002D3AB3 /* AFNetworking.framework in Frameworks */ = {isa = PBXBuildFile; fileRef = D0735DC11F83378A002D3AB3 /* AFNetworking.framework */; };
		D0735DC51F83378A002D3AB3 /* WebImage.framework in Frameworks */ = {isa = PBXBuildFile; fileRef = D0735DC21F83378A002D3AB3 /* WebImage.framework */; };
		D0735DC91F8989A2002D3AB3 /* PHArticleManagerController.m in Sources */ = {isa = PBXBuildFile; fileRef = D0735DC81F8989A2002D3AB3 /* PHArticleManagerController.m */; };
		D0735DCC1F905E39002D3AB3 /* UIColor+PHColor.m in Sources */ = {isa = PBXBuildFile; fileRef = D0735DCA1F905E37002D3AB3 /* UIColor+PHColor.m */; };
		D08D832E18108D9B005A75F0 /* OCFolderTableViewController.m in Sources */ = {isa = PBXBuildFile; fileRef = D08D832D18108D9B005A75F0 /* OCFolderTableViewController.m */; };
		D08D83B718161453005A75F0 /* Settings.bundle in Resources */ = {isa = PBXBuildFile; fileRef = D08D83B618161453005A75F0 /* Settings.bundle */; };
		D09B14A41C39E2A50019DB51 /* UIImageView+OCWebCache.m in Sources */ = {isa = PBXBuildFile; fileRef = D09B14A21C39E2A50019DB51 /* UIImageView+OCWebCache.m */; };
		D0A33F3A1880987000C6DA92 /* libc++.dylib in Frameworks */ = {isa = PBXBuildFile; fileRef = D0A33F391880987000C6DA92 /* libc++.dylib */; };
		D0A33F3C1880987C00C6DA92 /* libz.dylib in Frameworks */ = {isa = PBXBuildFile; fileRef = D0A33F3B1880987C00C6DA92 /* libz.dylib */; };
		D0A33F581885B91B00C6DA92 /* OCBadgeView.m in Sources */ = {isa = PBXBuildFile; fileRef = D0A33F571885B91B00C6DA92 /* OCBadgeView.m */; };
		D0A33F6018876CF700C6DA92 /* OCTextView.m in Sources */ = {isa = PBXBuildFile; fileRef = D0A33F5F18876CF700C6DA92 /* OCTextView.m */; };
		D0BCAA26177900C300C965F4 /* UIKit.framework in Frameworks */ = {isa = PBXBuildFile; fileRef = D0BCAA25177900C300C965F4 /* UIKit.framework */; };
		D0BCAA28177900C300C965F4 /* Foundation.framework in Frameworks */ = {isa = PBXBuildFile; fileRef = D0BCAA27177900C300C965F4 /* Foundation.framework */; };
		D0BCAA2A177900C300C965F4 /* CoreGraphics.framework in Frameworks */ = {isa = PBXBuildFile; fileRef = D0BCAA29177900C300C965F4 /* CoreGraphics.framework */; };
		D0BCAA30177900C300C965F4 /* InfoPlist.strings in Resources */ = {isa = PBXBuildFile; fileRef = D0BCAA2E177900C300C965F4 /* InfoPlist.strings */; };
		D0BCAA32177900C400C965F4 /* main.m in Sources */ = {isa = PBXBuildFile; fileRef = D0BCAA31177900C300C965F4 /* main.m */; };
		D0BCAA36177900C400C965F4 /* OCAppDelegate.m in Sources */ = {isa = PBXBuildFile; fileRef = D0BCAA35177900C400C965F4 /* OCAppDelegate.m */; };
		D0BCAA4A177903F500C965F4 /* Main.storyboard in Resources */ = {isa = PBXBuildFile; fileRef = D0BCAA48177903F500C965F4 /* Main.storyboard */; };
		D0BCAA681779091000C965F4 /* QuartzCore.framework in Frameworks */ = {isa = PBXBuildFile; fileRef = D0BCAA671779091000C965F4 /* QuartzCore.framework */; };
		D0BCAA73177909A600C965F4 /* OCArticleCell.m in Sources */ = {isa = PBXBuildFile; fileRef = D0BCAA6A177909A500C965F4 /* OCArticleCell.m */; };
		D0BCAA74177909A600C965F4 /* OCArticleListController.m in Sources */ = {isa = PBXBuildFile; fileRef = D0BCAA6C177909A500C965F4 /* OCArticleListController.m */; };
		D0BCAA75177909A600C965F4 /* OCFeedCell.m in Sources */ = {isa = PBXBuildFile; fileRef = D0BCAA6E177909A600C965F4 /* OCFeedCell.m */; };
		D0BCAA76177909A600C965F4 /* OCFeedListController.m in Sources */ = {isa = PBXBuildFile; fileRef = D0BCAA70177909A600C965F4 /* OCFeedListController.m */; };
		D0BCAA77177909A600C965F4 /* OCWebController.m in Sources */ = {isa = PBXBuildFile; fileRef = D0BCAA72177909A600C965F4 /* OCWebController.m */; };
		D0BCAADB17790C9100C965F4 /* libxml2.dylib in Frameworks */ = {isa = PBXBuildFile; fileRef = D0BCAADA17790C9100C965F4 /* libxml2.dylib */; };
		D0BCABC8177910C000C965F4 /* ImageIO.framework in Frameworks */ = {isa = PBXBuildFile; fileRef = D0BCABC7177910C000C965F4 /* ImageIO.framework */; };
		D0BCABDA1779112000C965F4 /* PHPrefViewController.m in Sources */ = {isa = PBXBuildFile; fileRef = D0BCABD51779112000C965F4 /* PHPrefViewController.m */; };
		D0BCABE31779119300C965F4 /* MessageUI.framework in Frameworks */ = {isa = PBXBuildFile; fileRef = D0BCABE21779119300C965F4 /* MessageUI.framework */; };
		D0BCAC24177F80BC00C965F4 /* OCAPIClient.m in Sources */ = {isa = PBXBuildFile; fileRef = D0BCAC23177F80BC00C965F4 /* OCAPIClient.m */; };
		D0BCAC2A1780E02600C965F4 /* OCArticleCell.xib in Resources */ = {isa = PBXBuildFile; fileRef = D0BCAC291780E02500C965F4 /* OCArticleCell.xib */; };
		D0BCAC311780E97200C965F4 /* OCArticleImage.m in Sources */ = {isa = PBXBuildFile; fileRef = D0BCAC301780E97200C965F4 /* OCArticleImage.m */; };
		D0BCAC6D178104FC00C965F4 /* defaults.plist in Resources */ = {isa = PBXBuildFile; fileRef = D0BCAC42178104FC00C965F4 /* defaults.plist */; };
		D0BCAC8A178104FC00C965F4 /* rss.css in Resources */ = {isa = PBXBuildFile; fileRef = D0BCAC5F178104FC00C965F4 /* rss.css */; };
		D0BCAC8B178104FC00C965F4 /* rss.html in Resources */ = {isa = PBXBuildFile; fileRef = D0BCAC60178104FC00C965F4 /* rss.html */; };
		D0BF490D17E4DCF800CB9311 /* Images.xcassets in Resources */ = {isa = PBXBuildFile; fileRef = D0BF490C17E4DCF800CB9311 /* Images.xcassets */; };
		D0E89F581836E03A005F8CAF /* OCSettingsController.m in Sources */ = {isa = PBXBuildFile; fileRef = D0E89F571836E03A005F8CAF /* OCSettingsController.m */; };
		D0F181261782585100F719D9 /* SystemConfiguration.framework in Frameworks */ = {isa = PBXBuildFile; fileRef = D0F181251782585100F719D9 /* SystemConfiguration.framework */; };
		D0F181291783B12D00F719D9 /* OCLoginController.m in Sources */ = {isa = PBXBuildFile; fileRef = D0F181281783B12C00F719D9 /* OCLoginController.m */; };
		D0F1812E178502D500F719D9 /* GTMNSString+HTML.m in Sources */ = {isa = PBXBuildFile; fileRef = D0F1812B178502D500F719D9 /* GTMNSString+HTML.m */; };
		D0F1812F178502D500F719D9 /* NSString+HTML.m in Sources */ = {isa = PBXBuildFile; fileRef = D0F1812D178502D500F719D9 /* NSString+HTML.m */; };
		D0F1813F17850CAF00F719D9 /* Security.framework in Frameworks */ = {isa = PBXBuildFile; fileRef = D0F1813E17850CAF00F719D9 /* Security.framework */; };
		D0F8275017B2D83400BE84D7 /* OCFeedSettingsController.m in Sources */ = {isa = PBXBuildFile; fileRef = D0F8274F17B2D83400BE84D7 /* OCFeedSettingsController.m */; };
		D0F94F8B20AA777300833A7F /* Icons.xcassets in Resources */ = {isa = PBXBuildFile; fileRef = D0F94F8320AA777200833A7F /* Icons.xcassets */; };
		D0F94F8C20AA777300833A7F /* RMessageDefaultDesign.json in Resources */ = {isa = PBXBuildFile; fileRef = D0F94F8420AA777200833A7F /* RMessageDefaultDesign.json */; };
		D0F94F8D20AA777300833A7F /* RMessageView.xib in Resources */ = {isa = PBXBuildFile; fileRef = D0F94F8620AA777200833A7F /* RMessageView.xib */; };
		D0F94F8E20AA777300833A7F /* RMessage.m in Sources */ = {isa = PBXBuildFile; fileRef = D0F94F8820AA777200833A7F /* RMessage.m */; };
		D0F94F8F20AA777300833A7F /* RMessageView.m in Sources */ = {isa = PBXBuildFile; fileRef = D0F94F8A20AA777200833A7F /* RMessageView.m */; };
		D0F94F9220AA791300833A7F /* HexColors.m in Sources */ = {isa = PBXBuildFile; fileRef = D0F94F9020AA791200833A7F /* HexColors.m */; };
		D0F94F9520AA793600833A7F /* UIViewController+PPTopMostController.m in Sources */ = {isa = PBXBuildFile; fileRef = D0F94F9420AA793600833A7F /* UIViewController+PPTopMostController.m */; };
		D0F94F9720AA90DA00833A7F /* TUSafariActivity.framework in Frameworks */ = {isa = PBXBuildFile; fileRef = D0F94F9620AA90D900833A7F /* TUSafariActivity.framework */; };
		D0FB29611FA6A20D00578C29 /* PHThemeManager.m in Sources */ = {isa = PBXBuildFile; fileRef = D0FB29601FA6A20D00578C29 /* PHThemeManager.m */; };
		D0FD70791787626100EF1457 /* HTMLNode.m in Sources */ = {isa = PBXBuildFile; fileRef = D0FD70751787626100EF1457 /* HTMLNode.m */; settings = {COMPILER_FLAGS = "-fno-objc-arc"; }; };
		D0FD707A1787626100EF1457 /* HTMLParser.m in Sources */ = {isa = PBXBuildFile; fileRef = D0FD70771787626100EF1457 /* HTMLParser.m */; settings = {COMPILER_FLAGS = "-fno-objc-arc"; }; };
/* End PBXBuildFile section */

/* Begin PBXFileReference section */
		D00A956119E6226D00B9B8E4 /* OCSharingProvider.h */ = {isa = PBXFileReference; fileEncoding = 4; lastKnownFileType = sourcecode.c.h; path = OCSharingProvider.h; sourceTree = "<group>"; };
		D00A956219E6226D00B9B8E4 /* OCSharingProvider.m */ = {isa = PBXFileReference; fileEncoding = 4; lastKnownFileType = sourcecode.c.objc; path = OCSharingProvider.m; sourceTree = "<group>"; };
		D01ACAB517B83637005D1463 /* khash.h */ = {isa = PBXFileReference; fileEncoding = 4; lastKnownFileType = sourcecode.c.h; path = khash.h; sourceTree = "<group>"; };
		D01ACABA17B83637005D1463 /* rd_list.c */ = {isa = PBXFileReference; fileEncoding = 4; lastKnownFileType = sourcecode.c.c; path = rd_list.c; sourceTree = "<group>"; };
		D01ACABB17B83637005D1463 /* rd_list.h */ = {isa = PBXFileReference; fileEncoding = 4; lastKnownFileType = sourcecode.c.h; path = rd_list.h; sourceTree = "<group>"; };
		D01ACABC17B83637005D1463 /* readable.c */ = {isa = PBXFileReference; fileEncoding = 4; lastKnownFileType = sourcecode.c.c; path = readable.c; sourceTree = "<group>"; };
		D01ACABD17B83637005D1463 /* readable.h */ = {isa = PBXFileReference; fileEncoding = 4; lastKnownFileType = sourcecode.c.h; path = readable.h; sourceTree = "<group>"; };
		D01ACAFA17B969FE005D1463 /* NSDictionary+HandleNull.h */ = {isa = PBXFileReference; fileEncoding = 4; lastKnownFileType = sourcecode.c.h; path = "NSDictionary+HandleNull.h"; sourceTree = "<group>"; };
		D01ACAFB17B969FE005D1463 /* NSDictionary+HandleNull.m */ = {isa = PBXFileReference; fileEncoding = 4; lastKnownFileType = sourcecode.c.objc; path = "NSDictionary+HandleNull.m"; sourceTree = "<group>"; };
		D023001A1A58C0E800B354E0 /* Launch Screen.xib */ = {isa = PBXFileReference; fileEncoding = 4; lastKnownFileType = file.xib; path = "Launch Screen.xib"; sourceTree = "<group>"; };
		D02B13141B40BBF700D99EA2 /* News 6.xcdatamodel */ = {isa = PBXFileReference; lastKnownFileType = wrapper.xcdatamodel; path = "News 6.xcdatamodel"; sourceTree = "<group>"; };
		D02CCAF31CE7E27300F6CCEC /* WebKit.framework */ = {isa = PBXFileReference; lastKnownFileType = wrapper.framework; name = WebKit.framework; path = System/Library/Frameworks/WebKit.framework; sourceTree = SDKROOT; };
		D035160419DA403E0016573F /* PDKeychainBindings.h */ = {isa = PBXFileReference; fileEncoding = 4; lastKnownFileType = sourcecode.c.h; path = PDKeychainBindings.h; sourceTree = "<group>"; };
		D035160519DA403E0016573F /* PDKeychainBindings.m */ = {isa = PBXFileReference; fileEncoding = 4; lastKnownFileType = sourcecode.c.objc; path = PDKeychainBindings.m; sourceTree = "<group>"; };
		D035160619DA403E0016573F /* PDKeychainBindingsController.h */ = {isa = PBXFileReference; fileEncoding = 4; lastKnownFileType = sourcecode.c.h; path = PDKeychainBindingsController.h; sourceTree = "<group>"; };
		D035160719DA403E0016573F /* PDKeychainBindingsController.m */ = {isa = PBXFileReference; fileEncoding = 4; lastKnownFileType = sourcecode.c.objc; path = PDKeychainBindingsController.m; sourceTree = "<group>"; };
		D03689CD19087A1B00EE4BAA /* MobileCoreServices.framework */ = {isa = PBXFileReference; lastKnownFileType = wrapper.framework; name = MobileCoreServices.framework; path = System/Library/Frameworks/MobileCoreServices.framework; sourceTree = SDKROOT; };
		D042A9A120842E340086FBE9 /* OCThemeSettingsController.h */ = {isa = PBXFileReference; lastKnownFileType = sourcecode.c.h; path = OCThemeSettingsController.h; sourceTree = "<group>"; };
		D042A9A220842E340086FBE9 /* OCThemeSettingsController.m */ = {isa = PBXFileReference; lastKnownFileType = sourcecode.c.objc; path = OCThemeSettingsController.m; sourceTree = "<group>"; };
		D04AD65618070C4800FF6056 /* News 3.xcdatamodel */ = {isa = PBXFileReference; lastKnownFileType = wrapper.xcdatamodel; path = "News 3.xcdatamodel"; sourceTree = "<group>"; };
		D04AD65B1807125600FF6056 /* _Folder.h */ = {isa = PBXFileReference; fileEncoding = 4; lastKnownFileType = sourcecode.c.h; path = _Folder.h; sourceTree = "<group>"; };
		D04AD65C1807125600FF6056 /* _Folder.m */ = {isa = PBXFileReference; fileEncoding = 4; lastKnownFileType = sourcecode.c.objc; path = _Folder.m; sourceTree = "<group>"; };
		D04AD65D1807125600FF6056 /* Folder.h */ = {isa = PBXFileReference; fileEncoding = 4; lastKnownFileType = sourcecode.c.h; path = Folder.h; sourceTree = "<group>"; };
		D04AD65E1807125600FF6056 /* Folder.m */ = {isa = PBXFileReference; fileEncoding = 4; lastKnownFileType = sourcecode.c.objc; path = Folder.m; sourceTree = "<group>"; };
		D04C7DC41BABBEFC000FB342 /* pcre.h */ = {isa = PBXFileReference; fileEncoding = 4; lastKnownFileType = sourcecode.c.h; path = pcre.h; sourceTree = "<group>"; };
		D04C7DC51BABBEFC000FB342 /* pcre_scanner.h */ = {isa = PBXFileReference; fileEncoding = 4; lastKnownFileType = sourcecode.c.h; path = pcre_scanner.h; sourceTree = "<group>"; };
		D04C7DC61BABBEFC000FB342 /* pcre_stringpiece.h */ = {isa = PBXFileReference; fileEncoding = 4; lastKnownFileType = sourcecode.c.h; path = pcre_stringpiece.h; sourceTree = "<group>"; };
		D04C7DC71BABBEFC000FB342 /* pcrecpp.h */ = {isa = PBXFileReference; fileEncoding = 4; lastKnownFileType = sourcecode.c.h; path = pcrecpp.h; sourceTree = "<group>"; };
		D04C7DC81BABBEFC000FB342 /* pcrecpparg.h */ = {isa = PBXFileReference; fileEncoding = 4; lastKnownFileType = sourcecode.c.h; path = pcrecpparg.h; sourceTree = "<group>"; };
		D04C7DC91BABBEFC000FB342 /* pcreposix.h */ = {isa = PBXFileReference; fileEncoding = 4; lastKnownFileType = sourcecode.c.h; path = pcreposix.h; sourceTree = "<group>"; };
		D04C7DCB1BABBEFC000FB342 /* libpcre.a */ = {isa = PBXFileReference; lastKnownFileType = archive.ar; path = libpcre.a; sourceTree = "<group>"; };
		D04C7DCD1BABBEFC000FB342 /* libpcrecpp.a */ = {isa = PBXFileReference; lastKnownFileType = archive.ar; path = libpcrecpp.a; sourceTree = "<group>"; };
		D04C7DCF1BABBEFC000FB342 /* libpcreposix.a */ = {isa = PBXFileReference; lastKnownFileType = archive.ar; path = libpcreposix.a; sourceTree = "<group>"; };
		D0622FE418C29BD40032E622 /* News 5.xcdatamodel */ = {isa = PBXFileReference; lastKnownFileType = wrapper.xcdatamodel; path = "News 5.xcdatamodel"; sourceTree = "<group>"; };
		D0622FE918C4EBEC0032E622 /* News.xcmappingmodel */ = {isa = PBXFileReference; lastKnownFileType = wrapper.xcmappingmodel; path = News.xcmappingmodel; sourceTree = "<group>"; };
		D06CB21E179C887300A1310B /* OCArticleCell~iphone.xib */ = {isa = PBXFileReference; fileEncoding = 4; lastKnownFileType = file.xib; path = "OCArticleCell~iphone.xib"; sourceTree = "<group>"; };
		D06CB220179C8E7500A1310B /* defaults~iphone.plist */ = {isa = PBXFileReference; lastKnownFileType = text.plist; path = "defaults~iphone.plist"; sourceTree = "<group>"; };
		D06CB22D17A06E4F00A1310B /* News.xcdatamodel */ = {isa = PBXFileReference; lastKnownFileType = wrapper.xcdatamodel; path = News.xcdatamodel; sourceTree = "<group>"; };
		D06CB22F17A073A800A1310B /* Feed.h */ = {isa = PBXFileReference; fileEncoding = 4; lastKnownFileType = sourcecode.c.h; path = Feed.h; sourceTree = "<group>"; };
		D06CB23017A073A900A1310B /* Feed.m */ = {isa = PBXFileReference; fileEncoding = 4; lastKnownFileType = sourcecode.c.objc; path = Feed.m; sourceTree = "<group>"; };
		D06CB23217A073C300A1310B /* Item.h */ = {isa = PBXFileReference; fileEncoding = 4; lastKnownFileType = sourcecode.c.h; path = Item.h; sourceTree = "<group>"; };
		D06CB23317A073C400A1310B /* Item.m */ = {isa = PBXFileReference; fileEncoding = 4; lastKnownFileType = sourcecode.c.objc; path = Item.m; sourceTree = "<group>"; };
		D06CB23517A074AA00A1310B /* CoreData.framework */ = {isa = PBXFileReference; lastKnownFileType = wrapper.framework; name = CoreData.framework; path = System/Library/Frameworks/CoreData.framework; sourceTree = SDKROOT; };
		D06CB23717A0A0A800A1310B /* OCNewsHelper.h */ = {isa = PBXFileReference; fileEncoding = 4; lastKnownFileType = sourcecode.c.h; path = OCNewsHelper.h; sourceTree = "<group>"; };
		D06CB23817A0A0A900A1310B /* OCNewsHelper.m */ = {isa = PBXFileReference; fileEncoding = 4; lastKnownFileType = sourcecode.c.objc; path = OCNewsHelper.m; sourceTree = "<group>"; };
		D06CB23A17A1F88900A1310B /* Feeds.h */ = {isa = PBXFileReference; fileEncoding = 4; lastKnownFileType = sourcecode.c.h; path = Feeds.h; sourceTree = "<group>"; };
		D06CB23B17A1F88A00A1310B /* Feeds.m */ = {isa = PBXFileReference; fileEncoding = 4; lastKnownFileType = sourcecode.c.objc; path = Feeds.m; sourceTree = "<group>"; };
		D06CB24217A2EA8B00A1310B /* _Feed.h */ = {isa = PBXFileReference; fileEncoding = 4; lastKnownFileType = sourcecode.c.h; path = _Feed.h; sourceTree = "<group>"; };
		D06CB24317A2EA8C00A1310B /* _Feed.m */ = {isa = PBXFileReference; fileEncoding = 4; lastKnownFileType = sourcecode.c.objc; path = _Feed.m; sourceTree = "<group>"; };
		D06CB24417A2EA8E00A1310B /* _Feeds.h */ = {isa = PBXFileReference; fileEncoding = 4; lastKnownFileType = sourcecode.c.h; path = _Feeds.h; sourceTree = "<group>"; };
		D06CB24517A2EA8F00A1310B /* _Feeds.m */ = {isa = PBXFileReference; fileEncoding = 4; lastKnownFileType = sourcecode.c.objc; path = _Feeds.m; sourceTree = "<group>"; };
		D06CB24617A2EA9100A1310B /* _Item.h */ = {isa = PBXFileReference; fileEncoding = 4; lastKnownFileType = sourcecode.c.h; path = _Item.h; sourceTree = "<group>"; };
		D06CB24717A2EA9200A1310B /* _Item.m */ = {isa = PBXFileReference; fileEncoding = 4; lastKnownFileType = sourcecode.c.objc; path = _Item.m; sourceTree = "<group>"; };
		D0735DC01F83378A002D3AB3 /* KSCrash.framework */ = {isa = PBXFileReference; lastKnownFileType = wrapper.framework; name = KSCrash.framework; path = Carthage/Build/iOS/KSCrash.framework; sourceTree = "<group>"; };
		D0735DC11F83378A002D3AB3 /* AFNetworking.framework */ = {isa = PBXFileReference; lastKnownFileType = wrapper.framework; name = AFNetworking.framework; path = Carthage/Build/iOS/AFNetworking.framework; sourceTree = "<group>"; };
		D0735DC21F83378A002D3AB3 /* WebImage.framework */ = {isa = PBXFileReference; lastKnownFileType = wrapper.framework; name = WebImage.framework; path = Carthage/Build/iOS/WebImage.framework; sourceTree = "<group>"; };
		D0735DC71F8989A2002D3AB3 /* PHArticleManagerController.h */ = {isa = PBXFileReference; lastKnownFileType = sourcecode.c.h; path = PHArticleManagerController.h; sourceTree = "<group>"; };
		D0735DC81F8989A2002D3AB3 /* PHArticleManagerController.m */ = {isa = PBXFileReference; lastKnownFileType = sourcecode.c.objc; path = PHArticleManagerController.m; sourceTree = "<group>"; };
		D0735DCA1F905E37002D3AB3 /* UIColor+PHColor.m */ = {isa = PBXFileReference; fileEncoding = 4; lastKnownFileType = sourcecode.c.objc; path = "UIColor+PHColor.m"; sourceTree = "<group>"; };
		D0735DCB1F905E38002D3AB3 /* UIColor+PHColor.h */ = {isa = PBXFileReference; fileEncoding = 4; lastKnownFileType = sourcecode.c.h; path = "UIColor+PHColor.h"; sourceTree = "<group>"; };
		D08D832C18108D9B005A75F0 /* OCFolderTableViewController.h */ = {isa = PBXFileReference; fileEncoding = 4; lastKnownFileType = sourcecode.c.h; path = OCFolderTableViewController.h; sourceTree = "<group>"; };
		D08D832D18108D9B005A75F0 /* OCFolderTableViewController.m */ = {isa = PBXFileReference; fileEncoding = 4; lastKnownFileType = sourcecode.c.objc; path = OCFolderTableViewController.m; sourceTree = "<group>"; };
		D08D83B618161453005A75F0 /* Settings.bundle */ = {isa = PBXFileReference; lastKnownFileType = "wrapper.plug-in"; path = Settings.bundle; sourceTree = "<group>"; };
		D09B149A1C30D0DB0019DB51 /* pcre_internal.h */ = {isa = PBXFileReference; fileEncoding = 4; lastKnownFileType = sourcecode.c.h; path = pcre_internal.h; sourceTree = "<group>"; };
		D09B149B1C30D0DB0019DB51 /* pcrecpp_internal.h */ = {isa = PBXFileReference; fileEncoding = 4; lastKnownFileType = sourcecode.c.h; path = pcrecpp_internal.h; sourceTree = "<group>"; };
		D09B14A21C39E2A50019DB51 /* UIImageView+OCWebCache.m */ = {isa = PBXFileReference; fileEncoding = 4; lastKnownFileType = sourcecode.c.objc; path = "UIImageView+OCWebCache.m"; sourceTree = "<group>"; };
		D09B14A31C39E2A50019DB51 /* UIImageView+OCWebCache.h */ = {isa = PBXFileReference; fileEncoding = 4; lastKnownFileType = sourcecode.c.h; path = "UIImageView+OCWebCache.h"; sourceTree = "<group>"; };
		D0A33F2B187F5BF900C6DA92 /* News 4.xcdatamodel */ = {isa = PBXFileReference; lastKnownFileType = wrapper.xcdatamodel; path = "News 4.xcdatamodel"; sourceTree = "<group>"; };
		D0A33F391880987000C6DA92 /* libc++.dylib */ = {isa = PBXFileReference; lastKnownFileType = "compiled.mach-o.dylib"; name = "libc++.dylib"; path = "usr/lib/libc++.dylib"; sourceTree = SDKROOT; };
		D0A33F3B1880987C00C6DA92 /* libz.dylib */ = {isa = PBXFileReference; lastKnownFileType = "compiled.mach-o.dylib"; name = libz.dylib; path = usr/lib/libz.dylib; sourceTree = SDKROOT; };
		D0A33F561885B91B00C6DA92 /* OCBadgeView.h */ = {isa = PBXFileReference; fileEncoding = 4; lastKnownFileType = sourcecode.c.h; path = OCBadgeView.h; sourceTree = "<group>"; };
		D0A33F571885B91B00C6DA92 /* OCBadgeView.m */ = {isa = PBXFileReference; fileEncoding = 4; lastKnownFileType = sourcecode.c.objc; path = OCBadgeView.m; sourceTree = "<group>"; };
		D0A33F5E18876CF700C6DA92 /* OCTextView.h */ = {isa = PBXFileReference; fileEncoding = 4; lastKnownFileType = sourcecode.c.h; path = OCTextView.h; sourceTree = "<group>"; };
		D0A33F5F18876CF700C6DA92 /* OCTextView.m */ = {isa = PBXFileReference; fileEncoding = 4; lastKnownFileType = sourcecode.c.objc; path = OCTextView.m; sourceTree = "<group>"; };
		D0BCAA22177900C300C965F4 /* iOCNews.app */ = {isa = PBXFileReference; explicitFileType = wrapper.application; includeInIndex = 0; path = iOCNews.app; sourceTree = BUILT_PRODUCTS_DIR; };
		D0BCAA25177900C300C965F4 /* UIKit.framework */ = {isa = PBXFileReference; lastKnownFileType = wrapper.framework; name = UIKit.framework; path = System/Library/Frameworks/UIKit.framework; sourceTree = SDKROOT; };
		D0BCAA27177900C300C965F4 /* Foundation.framework */ = {isa = PBXFileReference; lastKnownFileType = wrapper.framework; name = Foundation.framework; path = System/Library/Frameworks/Foundation.framework; sourceTree = SDKROOT; };
		D0BCAA29177900C300C965F4 /* CoreGraphics.framework */ = {isa = PBXFileReference; lastKnownFileType = wrapper.framework; name = CoreGraphics.framework; path = System/Library/Frameworks/CoreGraphics.framework; sourceTree = SDKROOT; };
		D0BCAA2D177900C300C965F4 /* iOCNews-Info.plist */ = {isa = PBXFileReference; lastKnownFileType = text.plist.xml; path = "iOCNews-Info.plist"; sourceTree = "<group>"; };
		D0BCAA2F177900C300C965F4 /* en */ = {isa = PBXFileReference; lastKnownFileType = text.plist.strings; name = en; path = en.lproj/InfoPlist.strings; sourceTree = "<group>"; };
		D0BCAA31177900C300C965F4 /* main.m */ = {isa = PBXFileReference; lastKnownFileType = sourcecode.c.objc; path = main.m; sourceTree = "<group>"; };
		D0BCAA33177900C400C965F4 /* iOCNews-Prefix.pch */ = {isa = PBXFileReference; lastKnownFileType = sourcecode.c.h; path = "iOCNews-Prefix.pch"; sourceTree = "<group>"; };
		D0BCAA34177900C400C965F4 /* OCAppDelegate.h */ = {isa = PBXFileReference; lastKnownFileType = sourcecode.c.h; path = OCAppDelegate.h; sourceTree = "<group>"; };
		D0BCAA35177900C400C965F4 /* OCAppDelegate.m */ = {isa = PBXFileReference; lastKnownFileType = sourcecode.c.objc; path = OCAppDelegate.m; sourceTree = "<group>"; };
		D0BCAA49177903F500C965F4 /* en */ = {isa = PBXFileReference; lastKnownFileType = file.storyboard; name = en; path = en.lproj/Main.storyboard; sourceTree = "<group>"; };
		D0BCAA671779091000C965F4 /* QuartzCore.framework */ = {isa = PBXFileReference; lastKnownFileType = wrapper.framework; name = QuartzCore.framework; path = System/Library/Frameworks/QuartzCore.framework; sourceTree = SDKROOT; };
		D0BCAA69177909A500C965F4 /* OCArticleCell.h */ = {isa = PBXFileReference; fileEncoding = 4; lastKnownFileType = sourcecode.c.h; lineEnding = 0; path = OCArticleCell.h; sourceTree = "<group>"; xcLanguageSpecificationIdentifier = xcode.lang.objcpp; };
		D0BCAA6A177909A500C965F4 /* OCArticleCell.m */ = {isa = PBXFileReference; fileEncoding = 4; lastKnownFileType = sourcecode.c.objc; lineEnding = 0; path = OCArticleCell.m; sourceTree = "<group>"; xcLanguageSpecificationIdentifier = xcode.lang.objc; };
		D0BCAA6B177909A500C965F4 /* OCArticleListController.h */ = {isa = PBXFileReference; fileEncoding = 4; lastKnownFileType = sourcecode.c.h; lineEnding = 0; path = OCArticleListController.h; sourceTree = "<group>"; xcLanguageSpecificationIdentifier = xcode.lang.objcpp; };
		D0BCAA6C177909A500C965F4 /* OCArticleListController.m */ = {isa = PBXFileReference; fileEncoding = 4; lastKnownFileType = sourcecode.c.objc; lineEnding = 0; path = OCArticleListController.m; sourceTree = "<group>"; xcLanguageSpecificationIdentifier = xcode.lang.objc; };
		D0BCAA6D177909A600C965F4 /* OCFeedCell.h */ = {isa = PBXFileReference; fileEncoding = 4; lastKnownFileType = sourcecode.c.h; lineEnding = 0; path = OCFeedCell.h; sourceTree = "<group>"; xcLanguageSpecificationIdentifier = xcode.lang.objcpp; };
		D0BCAA6E177909A600C965F4 /* OCFeedCell.m */ = {isa = PBXFileReference; fileEncoding = 4; lastKnownFileType = sourcecode.c.objc; lineEnding = 0; path = OCFeedCell.m; sourceTree = "<group>"; xcLanguageSpecificationIdentifier = xcode.lang.objc; };
		D0BCAA6F177909A600C965F4 /* OCFeedListController.h */ = {isa = PBXFileReference; fileEncoding = 4; lastKnownFileType = sourcecode.c.h; lineEnding = 0; path = OCFeedListController.h; sourceTree = "<group>"; xcLanguageSpecificationIdentifier = xcode.lang.objcpp; };
		D0BCAA70177909A600C965F4 /* OCFeedListController.m */ = {isa = PBXFileReference; fileEncoding = 4; lastKnownFileType = sourcecode.c.objc; lineEnding = 0; path = OCFeedListController.m; sourceTree = "<group>"; xcLanguageSpecificationIdentifier = xcode.lang.objc; };
		D0BCAA71177909A600C965F4 /* OCWebController.h */ = {isa = PBXFileReference; fileEncoding = 4; lastKnownFileType = sourcecode.c.h; lineEnding = 0; path = OCWebController.h; sourceTree = "<group>"; xcLanguageSpecificationIdentifier = xcode.lang.objcpp; };
		D0BCAA72177909A600C965F4 /* OCWebController.m */ = {isa = PBXFileReference; fileEncoding = 4; lastKnownFileType = sourcecode.c.objc; lineEnding = 0; path = OCWebController.m; sourceTree = "<group>"; xcLanguageSpecificationIdentifier = xcode.lang.objc; };
		D0BCAADA17790C9100C965F4 /* libxml2.dylib */ = {isa = PBXFileReference; lastKnownFileType = "compiled.mach-o.dylib"; name = libxml2.dylib; path = usr/lib/libxml2.dylib; sourceTree = SDKROOT; };
		D0BCABC7177910C000C965F4 /* ImageIO.framework */ = {isa = PBXFileReference; lastKnownFileType = wrapper.framework; name = ImageIO.framework; path = System/Library/Frameworks/ImageIO.framework; sourceTree = SDKROOT; };
		D0BCABD41779112000C965F4 /* PHPrefViewController.h */ = {isa = PBXFileReference; fileEncoding = 4; lastKnownFileType = sourcecode.c.h; path = PHPrefViewController.h; sourceTree = "<group>"; };
		D0BCABD51779112000C965F4 /* PHPrefViewController.m */ = {isa = PBXFileReference; fileEncoding = 4; lastKnownFileType = sourcecode.c.objc; path = PHPrefViewController.m; sourceTree = "<group>"; };
		D0BCABE21779119300C965F4 /* MessageUI.framework */ = {isa = PBXFileReference; lastKnownFileType = wrapper.framework; name = MessageUI.framework; path = System/Library/Frameworks/MessageUI.framework; sourceTree = SDKROOT; };
		D0BCAC22177F80BB00C965F4 /* OCAPIClient.h */ = {isa = PBXFileReference; fileEncoding = 4; lastKnownFileType = sourcecode.c.h; path = OCAPIClient.h; sourceTree = "<group>"; };
		D0BCAC23177F80BC00C965F4 /* OCAPIClient.m */ = {isa = PBXFileReference; fileEncoding = 4; lastKnownFileType = sourcecode.c.objc; path = OCAPIClient.m; sourceTree = "<group>"; };
		D0BCAC291780E02500C965F4 /* OCArticleCell.xib */ = {isa = PBXFileReference; fileEncoding = 4; lastKnownFileType = file.xib; path = OCArticleCell.xib; sourceTree = "<group>"; };
		D0BCAC2F1780E97200C965F4 /* OCArticleImage.h */ = {isa = PBXFileReference; fileEncoding = 4; lastKnownFileType = sourcecode.c.h; path = OCArticleImage.h; sourceTree = "<group>"; };
		D0BCAC301780E97200C965F4 /* OCArticleImage.m */ = {isa = PBXFileReference; fileEncoding = 4; lastKnownFileType = sourcecode.c.objc; path = OCArticleImage.m; sourceTree = "<group>"; };
		D0BCAC42178104FC00C965F4 /* defaults.plist */ = {isa = PBXFileReference; lastKnownFileType = text.plist; path = defaults.plist; sourceTree = "<group>"; };
		D0BCAC5F178104FC00C965F4 /* rss.css */ = {isa = PBXFileReference; fileEncoding = 4; lastKnownFileType = text.css; path = rss.css; sourceTree = "<group>"; };
		D0BCAC60178104FC00C965F4 /* rss.html */ = {isa = PBXFileReference; fileEncoding = 4; lastKnownFileType = text.html; path = rss.html; sourceTree = "<group>"; };
		D0BCAC61178104FC00C965F4 /* script.js */ = {isa = PBXFileReference; fileEncoding = 4; lastKnownFileType = sourcecode.javascript; path = script.js; sourceTree = "<group>"; };
		D0BF490C17E4DCF800CB9311 /* Images.xcassets */ = {isa = PBXFileReference; lastKnownFileType = folder.assetcatalog; path = Images.xcassets; sourceTree = "<group>"; };
		D0C66C9A17B1935600F0EC7C /* News 2.xcdatamodel */ = {isa = PBXFileReference; lastKnownFileType = wrapper.xcdatamodel; path = "News 2.xcdatamodel"; sourceTree = "<group>"; };
		D0CFE5A8188F43EF00165839 /* KSCrash.framework */ = {isa = PBXFileReference; lastKnownFileType = wrapper.framework; path = KSCrash.framework; sourceTree = "<group>"; };
		D0E89F561836E03A005F8CAF /* OCSettingsController.h */ = {isa = PBXFileReference; fileEncoding = 4; lastKnownFileType = sourcecode.c.h; path = OCSettingsController.h; sourceTree = "<group>"; };
		D0E89F571836E03A005F8CAF /* OCSettingsController.m */ = {isa = PBXFileReference; fileEncoding = 4; lastKnownFileType = sourcecode.c.objc; path = OCSettingsController.m; sourceTree = "<group>"; };
		D0F181251782585100F719D9 /* SystemConfiguration.framework */ = {isa = PBXFileReference; lastKnownFileType = wrapper.framework; name = SystemConfiguration.framework; path = System/Library/Frameworks/SystemConfiguration.framework; sourceTree = SDKROOT; };
		D0F181271783B12C00F719D9 /* OCLoginController.h */ = {isa = PBXFileReference; fileEncoding = 4; lastKnownFileType = sourcecode.c.h; path = OCLoginController.h; sourceTree = "<group>"; };
		D0F181281783B12C00F719D9 /* OCLoginController.m */ = {isa = PBXFileReference; fileEncoding = 4; lastKnownFileType = sourcecode.c.objc; path = OCLoginController.m; sourceTree = "<group>"; };
		D0F1812A178502D500F719D9 /* GTMNSString+HTML.h */ = {isa = PBXFileReference; fileEncoding = 4; lastKnownFileType = sourcecode.c.h; path = "GTMNSString+HTML.h"; sourceTree = "<group>"; };
		D0F1812B178502D500F719D9 /* GTMNSString+HTML.m */ = {isa = PBXFileReference; fileEncoding = 4; lastKnownFileType = sourcecode.c.objc; path = "GTMNSString+HTML.m"; sourceTree = "<group>"; };
		D0F1812C178502D500F719D9 /* NSString+HTML.h */ = {isa = PBXFileReference; fileEncoding = 4; lastKnownFileType = sourcecode.c.h; path = "NSString+HTML.h"; sourceTree = "<group>"; };
		D0F1812D178502D500F719D9 /* NSString+HTML.m */ = {isa = PBXFileReference; fileEncoding = 4; lastKnownFileType = sourcecode.c.objc; path = "NSString+HTML.m"; sourceTree = "<group>"; };
		D0F1813E17850CAF00F719D9 /* Security.framework */ = {isa = PBXFileReference; lastKnownFileType = wrapper.framework; name = Security.framework; path = System/Library/Frameworks/Security.framework; sourceTree = SDKROOT; };
		D0F8274E17B2D83400BE84D7 /* OCFeedSettingsController.h */ = {isa = PBXFileReference; fileEncoding = 4; lastKnownFileType = sourcecode.c.h; path = OCFeedSettingsController.h; sourceTree = "<group>"; };
		D0F8274F17B2D83400BE84D7 /* OCFeedSettingsController.m */ = {isa = PBXFileReference; fileEncoding = 4; lastKnownFileType = sourcecode.c.objc; path = OCFeedSettingsController.m; sourceTree = "<group>"; };
		D0F94F8320AA777200833A7F /* Icons.xcassets */ = {isa = PBXFileReference; lastKnownFileType = folder.assetcatalog; path = Icons.xcassets; sourceTree = "<group>"; };
		D0F94F8420AA777200833A7F /* RMessageDefaultDesign.json */ = {isa = PBXFileReference; fileEncoding = 4; lastKnownFileType = text.json; path = RMessageDefaultDesign.json; sourceTree = "<group>"; };
		D0F94F8620AA777200833A7F /* RMessageView.xib */ = {isa = PBXFileReference; fileEncoding = 4; lastKnownFileType = file.xib; path = RMessageView.xib; sourceTree = "<group>"; };
		D0F94F8720AA777200833A7F /* RMessage.h */ = {isa = PBXFileReference; fileEncoding = 4; lastKnownFileType = sourcecode.c.h; path = RMessage.h; sourceTree = "<group>"; };
		D0F94F8820AA777200833A7F /* RMessage.m */ = {isa = PBXFileReference; fileEncoding = 4; lastKnownFileType = sourcecode.c.objc; path = RMessage.m; sourceTree = "<group>"; };
		D0F94F8920AA777200833A7F /* RMessageView.h */ = {isa = PBXFileReference; fileEncoding = 4; lastKnownFileType = sourcecode.c.h; path = RMessageView.h; sourceTree = "<group>"; };
		D0F94F8A20AA777200833A7F /* RMessageView.m */ = {isa = PBXFileReference; fileEncoding = 4; lastKnownFileType = sourcecode.c.objc; path = RMessageView.m; sourceTree = "<group>"; };
		D0F94F9020AA791200833A7F /* HexColors.m */ = {isa = PBXFileReference; fileEncoding = 4; lastKnownFileType = sourcecode.c.objc; name = HexColors.m; path = RMessage/Example/Pods/HexColors/Classes/HexColors.m; sourceTree = SOURCE_ROOT; };
		D0F94F9120AA791300833A7F /* HexColors.h */ = {isa = PBXFileReference; fileEncoding = 4; lastKnownFileType = sourcecode.c.h; name = HexColors.h; path = RMessage/Example/Pods/HexColors/Classes/HexColors.h; sourceTree = SOURCE_ROOT; };
		D0F94F9320AA793600833A7F /* UIViewController+PPTopMostController.h */ = {isa = PBXFileReference; fileEncoding = 4; lastKnownFileType = sourcecode.c.h; name = "UIViewController+PPTopMostController.h"; path = "RMessage/Example/Pods/PPTopMostController/PPTopMostController-Files/UIViewController+PPTopMostController.h"; sourceTree = SOURCE_ROOT; };
		D0F94F9420AA793600833A7F /* UIViewController+PPTopMostController.m */ = {isa = PBXFileReference; fileEncoding = 4; lastKnownFileType = sourcecode.c.objc; name = "UIViewController+PPTopMostController.m"; path = "RMessage/Example/Pods/PPTopMostController/PPTopMostController-Files/UIViewController+PPTopMostController.m"; sourceTree = SOURCE_ROOT; };
		D0F94F9620AA90D900833A7F /* TUSafariActivity.framework */ = {isa = PBXFileReference; lastKnownFileType = wrapper.framework; name = TUSafariActivity.framework; path = Carthage/Build/iOS/TUSafariActivity.framework; sourceTree = "<group>"; };
		D0FB295F1FA6A20D00578C29 /* PHThemeManager.h */ = {isa = PBXFileReference; lastKnownFileType = sourcecode.c.h; path = PHThemeManager.h; sourceTree = "<group>"; };
		D0FB29601FA6A20D00578C29 /* PHThemeManager.m */ = {isa = PBXFileReference; lastKnownFileType = sourcecode.c.objc; path = PHThemeManager.m; sourceTree = "<group>"; };
		D0FD70741787626100EF1457 /* HTMLNode.h */ = {isa = PBXFileReference; fileEncoding = 4; lastKnownFileType = sourcecode.c.h; path = HTMLNode.h; sourceTree = "<group>"; };
		D0FD70751787626100EF1457 /* HTMLNode.m */ = {isa = PBXFileReference; fileEncoding = 4; lastKnownFileType = sourcecode.c.objc; path = HTMLNode.m; sourceTree = "<group>"; };
		D0FD70761787626100EF1457 /* HTMLParser.h */ = {isa = PBXFileReference; fileEncoding = 4; lastKnownFileType = sourcecode.c.h; path = HTMLParser.h; sourceTree = "<group>"; };
		D0FD70771787626100EF1457 /* HTMLParser.m */ = {isa = PBXFileReference; fileEncoding = 4; lastKnownFileType = sourcecode.c.objc; path = HTMLParser.m; sourceTree = "<group>"; };
/* End PBXFileReference section */

/* Begin PBXFrameworksBuildPhase section */
		D0BCAA1F177900C300C965F4 /* Frameworks */ = {
			isa = PBXFrameworksBuildPhase;
			buildActionMask = 2147483647;
			files = (
				D0F94F9720AA90DA00833A7F /* TUSafariActivity.framework in Frameworks */,
				D0735DC31F83378A002D3AB3 /* KSCrash.framework in Frameworks */,
				D0735DC41F83378A002D3AB3 /* AFNetworking.framework in Frameworks */,
				D0735DC51F83378A002D3AB3 /* WebImage.framework in Frameworks */,
				D02CCAF41CE7E27300F6CCEC /* WebKit.framework in Frameworks */,
				D03689D019087A2800EE4BAA /* MobileCoreServices.framework in Frameworks */,
				D0A33F3C1880987C00C6DA92 /* libz.dylib in Frameworks */,
				D04C7DD51BABBEFC000FB342 /* libpcre.a in Frameworks */,
				D0A33F3A1880987000C6DA92 /* libc++.dylib in Frameworks */,
				D06CB23617A074AA00A1310B /* CoreData.framework in Frameworks */,
				D0F1813F17850CAF00F719D9 /* Security.framework in Frameworks */,
				D0F181261782585100F719D9 /* SystemConfiguration.framework in Frameworks */,
				D0BCABE31779119300C965F4 /* MessageUI.framework in Frameworks */,
				D0BCABC8177910C000C965F4 /* ImageIO.framework in Frameworks */,
				D0BCAADB17790C9100C965F4 /* libxml2.dylib in Frameworks */,
				D04C7DD91BABBEFC000FB342 /* libpcreposix.a in Frameworks */,
				D0BCAA681779091000C965F4 /* QuartzCore.framework in Frameworks */,
				D0BCAA26177900C300C965F4 /* UIKit.framework in Frameworks */,
				D0BCAA28177900C300C965F4 /* Foundation.framework in Frameworks */,
				D0BCAA2A177900C300C965F4 /* CoreGraphics.framework in Frameworks */,
				D04C7DD71BABBEFC000FB342 /* libpcrecpp.a in Frameworks */,
			);
			runOnlyForDeploymentPostprocessing = 0;
		};
/* End PBXFrameworksBuildPhase section */

/* Begin PBXGroup section */
		D01ACAB317B83637005D1463 /* readable */ = {
			isa = PBXGroup;
			children = (
				D01ACAB517B83637005D1463 /* khash.h */,
				D01ACABB17B83637005D1463 /* rd_list.h */,
				D01ACABA17B83637005D1463 /* rd_list.c */,
				D01ACABD17B83637005D1463 /* readable.h */,
				D01ACABC17B83637005D1463 /* readable.c */,
			);
			path = readable;
			sourceTree = "<group>";
		};
		D035160319DA403E0016573F /* PDKeychainBindingsController */ = {
			isa = PBXGroup;
			children = (
				D035160419DA403E0016573F /* PDKeychainBindings.h */,
				D035160519DA403E0016573F /* PDKeychainBindings.m */,
				D035160619DA403E0016573F /* PDKeychainBindingsController.h */,
				D035160719DA403E0016573F /* PDKeychainBindingsController.m */,
			);
			name = PDKeychainBindingsController;
			path = PDKeychainBindingsController/PDKeychainBindingsController;
			sourceTree = "<group>";
		};
		D04C7DC21BABBEFC000FB342 /* pcre */ = {
			isa = PBXGroup;
			children = (
				D04C7DC31BABBEFC000FB342 /* include */,
				D04C7DCA1BABBEFC000FB342 /* lib */,
			);
			path = pcre;
			sourceTree = "<group>";
		};
		D04C7DC31BABBEFC000FB342 /* include */ = {
			isa = PBXGroup;
			children = (
				D09B149A1C30D0DB0019DB51 /* pcre_internal.h */,
				D09B149B1C30D0DB0019DB51 /* pcrecpp_internal.h */,
				D04C7DC41BABBEFC000FB342 /* pcre.h */,
				D04C7DC51BABBEFC000FB342 /* pcre_scanner.h */,
				D04C7DC61BABBEFC000FB342 /* pcre_stringpiece.h */,
				D04C7DC71BABBEFC000FB342 /* pcrecpp.h */,
				D04C7DC81BABBEFC000FB342 /* pcrecpparg.h */,
				D04C7DC91BABBEFC000FB342 /* pcreposix.h */,
			);
			path = include;
			sourceTree = "<group>";
		};
		D04C7DCA1BABBEFC000FB342 /* lib */ = {
			isa = PBXGroup;
			children = (
				D04C7DCB1BABBEFC000FB342 /* libpcre.a */,
				D04C7DCD1BABBEFC000FB342 /* libpcrecpp.a */,
				D04C7DCF1BABBEFC000FB342 /* libpcreposix.a */,
			);
			path = lib;
			sourceTree = "<group>";
		};
		D0BCAA19177900C300C965F4 = {
			isa = PBXGroup;
			children = (
				D0F94F8120AA777200833A7F /* RMessage */,
				D04C7DC21BABBEFC000FB342 /* pcre */,
				D01ACAB317B83637005D1463 /* readable */,
				D0FD70731787626100EF1457 /* Objective-C-HTML-Parser */,
				D035160319DA403E0016573F /* PDKeychainBindingsController */,
				D0F18130178502E000F719D9 /* HTMLString */,
				D0BCAA2B177900C300C965F4 /* iOCNews */,
				D0BCAA24177900C300C965F4 /* Frameworks */,
				D0BCAA23177900C300C965F4 /* Products */,
			);
			sourceTree = "<group>";
		};
		D0BCAA23177900C300C965F4 /* Products */ = {
			isa = PBXGroup;
			children = (
				D0BCAA22177900C300C965F4 /* iOCNews.app */,
			);
			name = Products;
			sourceTree = "<group>";
		};
		D0BCAA24177900C300C965F4 /* Frameworks */ = {
			isa = PBXGroup;
			children = (
				D0F94F9620AA90D900833A7F /* TUSafariActivity.framework */,
				D0735DC11F83378A002D3AB3 /* AFNetworking.framework */,
				D0735DC01F83378A002D3AB3 /* KSCrash.framework */,
				D0735DC21F83378A002D3AB3 /* WebImage.framework */,
				D02CCAF31CE7E27300F6CCEC /* WebKit.framework */,
				D03689CD19087A1B00EE4BAA /* MobileCoreServices.framework */,
				D0CFE5A8188F43EF00165839 /* KSCrash.framework */,
				D0A33F3B1880987C00C6DA92 /* libz.dylib */,
				D0A33F391880987000C6DA92 /* libc++.dylib */,
				D06CB23517A074AA00A1310B /* CoreData.framework */,
				D0F1813E17850CAF00F719D9 /* Security.framework */,
				D0F181251782585100F719D9 /* SystemConfiguration.framework */,
				D0BCABE21779119300C965F4 /* MessageUI.framework */,
				D0BCABC7177910C000C965F4 /* ImageIO.framework */,
				D0BCAADA17790C9100C965F4 /* libxml2.dylib */,
				D0BCAA671779091000C965F4 /* QuartzCore.framework */,
				D0BCAA25177900C300C965F4 /* UIKit.framework */,
				D0BCAA27177900C300C965F4 /* Foundation.framework */,
				D0BCAA29177900C300C965F4 /* CoreGraphics.framework */,
			);
			name = Frameworks;
			sourceTree = "<group>";
		};
		D0BCAA2B177900C300C965F4 /* iOCNews */ = {
			isa = PBXGroup;
			children = (
				D0C66CA417B19C6A00F0EC7C /* DataModel */,
				D0BCAA48177903F500C965F4 /* Main.storyboard */,
				D023001A1A58C0E800B354E0 /* Launch Screen.xib */,
				D0BCAA34177900C400C965F4 /* OCAppDelegate.h */,
				D0BCAA35177900C400C965F4 /* OCAppDelegate.m */,
				D06CB23717A0A0A800A1310B /* OCNewsHelper.h */,
				D06CB23817A0A0A900A1310B /* OCNewsHelper.m */,
				D0BCAC22177F80BB00C965F4 /* OCAPIClient.h */,
				D0BCAC23177F80BC00C965F4 /* OCAPIClient.m */,
				D0E89F561836E03A005F8CAF /* OCSettingsController.h */,
				D0E89F571836E03A005F8CAF /* OCSettingsController.m */,
				D042A9A120842E340086FBE9 /* OCThemeSettingsController.h */,
				D042A9A220842E340086FBE9 /* OCThemeSettingsController.m */,
				D0F181271783B12C00F719D9 /* OCLoginController.h */,
				D0F181281783B12C00F719D9 /* OCLoginController.m */,
				D0BCABD41779112000C965F4 /* PHPrefViewController.h */,
				D0BCABD51779112000C965F4 /* PHPrefViewController.m */,
				D0BCAA6D177909A600C965F4 /* OCFeedCell.h */,
				D0BCAA6E177909A600C965F4 /* OCFeedCell.m */,
				D0BCAA6F177909A600C965F4 /* OCFeedListController.h */,
				D0BCAA70177909A600C965F4 /* OCFeedListController.m */,
				D0BCAA69177909A500C965F4 /* OCArticleCell.h */,
				D0BCAA6A177909A500C965F4 /* OCArticleCell.m */,
				D0BCAC291780E02500C965F4 /* OCArticleCell.xib */,
				D06CB21E179C887300A1310B /* OCArticleCell~iphone.xib */,
				D0BCAA6B177909A500C965F4 /* OCArticleListController.h */,
				D0BCAA6C177909A500C965F4 /* OCArticleListController.m */,
				D0735DC71F8989A2002D3AB3 /* PHArticleManagerController.h */,
				D0735DC81F8989A2002D3AB3 /* PHArticleManagerController.m */,
				D0BCAC2F1780E97200C965F4 /* OCArticleImage.h */,
				D0BCAC301780E97200C965F4 /* OCArticleImage.m */,
				D0BCAA71177909A600C965F4 /* OCWebController.h */,
				D0BCAA72177909A600C965F4 /* OCWebController.m */,
				D00A956119E6226D00B9B8E4 /* OCSharingProvider.h */,
				D00A956219E6226D00B9B8E4 /* OCSharingProvider.m */,
				D0F8274E17B2D83400BE84D7 /* OCFeedSettingsController.h */,
				D0F8274F17B2D83400BE84D7 /* OCFeedSettingsController.m */,
				D08D832C18108D9B005A75F0 /* OCFolderTableViewController.h */,
				D08D832D18108D9B005A75F0 /* OCFolderTableViewController.m */,
				D01ACAFA17B969FE005D1463 /* NSDictionary+HandleNull.h */,
				D01ACAFB17B969FE005D1463 /* NSDictionary+HandleNull.m */,
				D0A33F561885B91B00C6DA92 /* OCBadgeView.h */,
				D0A33F571885B91B00C6DA92 /* OCBadgeView.m */,
				D0A33F5E18876CF700C6DA92 /* OCTextView.h */,
				D0A33F5F18876CF700C6DA92 /* OCTextView.m */,
				D09B14A21C39E2A50019DB51 /* UIImageView+OCWebCache.m */,
				D09B14A31C39E2A50019DB51 /* UIImageView+OCWebCache.h */,
				D0735DCB1F905E38002D3AB3 /* UIColor+PHColor.h */,
				D0735DCA1F905E37002D3AB3 /* UIColor+PHColor.m */,
				D0FB295F1FA6A20D00578C29 /* PHThemeManager.h */,
				D0FB29601FA6A20D00578C29 /* PHThemeManager.m */,
				D0BCAA2C177900C300C965F4 /* Supporting Files */,
				D0BCAC38178104FB00C965F4 /* Resources */,
				D08D83B618161453005A75F0 /* Settings.bundle */,
				D0BF490C17E4DCF800CB9311 /* Images.xcassets */,
			);
			path = iOCNews;
			sourceTree = "<group>";
		};
		D0BCAA2C177900C300C965F4 /* Supporting Files */ = {
			isa = PBXGroup;
			children = (
				D0BCAA2D177900C300C965F4 /* iOCNews-Info.plist */,
				D0BCAA2E177900C300C965F4 /* InfoPlist.strings */,
				D0BCAA31177900C300C965F4 /* main.m */,
				D0BCAA33177900C400C965F4 /* iOCNews-Prefix.pch */,
			);
			name = "Supporting Files";
			sourceTree = "<group>";
		};
		D0BCAC38178104FB00C965F4 /* Resources */ = {
			isa = PBXGroup;
			children = (
				D0BCAC42178104FC00C965F4 /* defaults.plist */,
				D06CB220179C8E7500A1310B /* defaults~iphone.plist */,
				D0BCAC5F178104FC00C965F4 /* rss.css */,
				D0BCAC60178104FC00C965F4 /* rss.html */,
				D0BCAC61178104FC00C965F4 /* script.js */,
			);
			path = Resources;
			sourceTree = "<group>";
		};
		D0C66CA417B19C6A00F0EC7C /* DataModel */ = {
			isa = PBXGroup;
			children = (
				D06CB22C17A06E4E00A1310B /* News.xcdatamodeld */,
				D0622FE918C4EBEC0032E622 /* News.xcmappingmodel */,
				D04AD65B1807125600FF6056 /* _Folder.h */,
				D04AD65C1807125600FF6056 /* _Folder.m */,
				D04AD65D1807125600FF6056 /* Folder.h */,
				D04AD65E1807125600FF6056 /* Folder.m */,
				D06CB24417A2EA8E00A1310B /* _Feeds.h */,
				D06CB24517A2EA8F00A1310B /* _Feeds.m */,
				D06CB24217A2EA8B00A1310B /* _Feed.h */,
				D06CB24317A2EA8C00A1310B /* _Feed.m */,
				D06CB24617A2EA9100A1310B /* _Item.h */,
				D06CB24717A2EA9200A1310B /* _Item.m */,
				D06CB23A17A1F88900A1310B /* Feeds.h */,
				D06CB23B17A1F88A00A1310B /* Feeds.m */,
				D06CB22F17A073A800A1310B /* Feed.h */,
				D06CB23017A073A900A1310B /* Feed.m */,
				D06CB23217A073C300A1310B /* Item.h */,
				D06CB23317A073C400A1310B /* Item.m */,
			);
			name = DataModel;
			sourceTree = "<group>";
		};
		D0F18130178502E000F719D9 /* HTMLString */ = {
			isa = PBXGroup;
			children = (
				D0F1812A178502D500F719D9 /* GTMNSString+HTML.h */,
				D0F1812B178502D500F719D9 /* GTMNSString+HTML.m */,
				D0F1812C178502D500F719D9 /* NSString+HTML.h */,
				D0F1812D178502D500F719D9 /* NSString+HTML.m */,
			);
			name = HTMLString;
			sourceTree = "<group>";
		};
		D0F94F8120AA777200833A7F /* RMessage */ = {
			isa = PBXGroup;
			children = (
				D0F94F9320AA793600833A7F /* UIViewController+PPTopMostController.h */,
				D0F94F9420AA793600833A7F /* UIViewController+PPTopMostController.m */,
				D0F94F9120AA791300833A7F /* HexColors.h */,
				D0F94F9020AA791200833A7F /* HexColors.m */,
				D0F94F8220AA777200833A7F /* Assets */,
				D0F94F8520AA777200833A7F /* Resources */,
				D0F94F8720AA777200833A7F /* RMessage.h */,
				D0F94F8820AA777200833A7F /* RMessage.m */,
				D0F94F8920AA777200833A7F /* RMessageView.h */,
				D0F94F8A20AA777200833A7F /* RMessageView.m */,
			);
			name = RMessage;
			path = RMessage/RMessage;
			sourceTree = "<group>";
		};
		D0F94F8220AA777200833A7F /* Assets */ = {
			isa = PBXGroup;
			children = (
				D0F94F8320AA777200833A7F /* Icons.xcassets */,
				D0F94F8420AA777200833A7F /* RMessageDefaultDesign.json */,
			);
			path = Assets;
			sourceTree = "<group>";
		};
		D0F94F8520AA777200833A7F /* Resources */ = {
			isa = PBXGroup;
			children = (
				D0F94F8620AA777200833A7F /* RMessageView.xib */,
			);
			path = Resources;
			sourceTree = "<group>";
		};
		D0FD70731787626100EF1457 /* Objective-C-HTML-Parser */ = {
			isa = PBXGroup;
			children = (
				D0FD70741787626100EF1457 /* HTMLNode.h */,
				D0FD70751787626100EF1457 /* HTMLNode.m */,
				D0FD70761787626100EF1457 /* HTMLParser.h */,
				D0FD70771787626100EF1457 /* HTMLParser.m */,
			);
			path = "Objective-C-HTML-Parser";
			sourceTree = "<group>";
		};
/* End PBXGroup section */

/* Begin PBXNativeTarget section */
		D0BCAA21177900C300C965F4 /* iOCNews */ = {
			isa = PBXNativeTarget;
			buildConfigurationList = D0BCAA45177900C400C965F4 /* Build configuration list for PBXNativeTarget "iOCNews" */;
			buildPhases = (
				D0BCAA1E177900C300C965F4 /* Sources */,
				D0BCAA1F177900C300C965F4 /* Frameworks */,
				D0BCAA20177900C300C965F4 /* Resources */,
				D08D83BA181727C9005A75F0 /* ShellScript */,
				D0735DC61F8337B0002D3AB3 /* ShellScript */,
			);
			buildRules = (
			);
			dependencies = (
			);
			name = iOCNews;
			productName = iOCNews;
			productReference = D0BCAA22177900C300C965F4 /* iOCNews.app */;
			productType = "com.apple.product-type.application";
		};
/* End PBXNativeTarget section */

/* Begin PBXProject section */
		D0BCAA1A177900C300C965F4 /* Project object */ = {
			isa = PBXProject;
			attributes = {
				CLASSPREFIX = OC;
				LastUpgradeCheck = 0900;
				ORGANIZATIONNAME = "Peter Hedlund";
				TargetAttributes = {
					D0BCAA21177900C300C965F4 = {
						DevelopmentTeam = 73AQJ77PZ5;
						SystemCapabilities = {
							com.apple.BackgroundModes = {
								enabled = 1;
							};
							com.apple.InAppPurchase = {
								enabled = 0;
							};
						};
					};
				};
			};
			buildConfigurationList = D0BCAA1D177900C300C965F4 /* Build configuration list for PBXProject "iOCNews" */;
			compatibilityVersion = "Xcode 3.2";
			developmentRegion = English;
			hasScannedForEncodings = 0;
			knownRegions = (
				en,
				cs,
				de,
				es,
				eu,
				fr,
				it,
				ja,
				ko,
				nl,
				no,
				ru,
				sk,
				sv,
				vi,
				zh_CN,
				ar,
				ca,
				da,
				el,
				fi,
				he,
				hu,
				id,
				ms,
				nb,
				pl,
				"pt-BR",
				pt,
				ro,
				th,
				tr,
				"zh-Hans",
				"zh-Hant",
				Base,
			);
			mainGroup = D0BCAA19177900C300C965F4;
			productRefGroup = D0BCAA23177900C300C965F4 /* Products */;
			projectDirPath = "";
			projectRoot = "";
			targets = (
				D0BCAA21177900C300C965F4 /* iOCNews */,
				D06CB23D17A2E8F900A1310B /* Mogenerator */,
			);
		};
/* End PBXProject section */

/* Begin PBXResourcesBuildPhase section */
		D0BCAA20177900C300C965F4 /* Resources */ = {
			isa = PBXResourcesBuildPhase;
			buildActionMask = 2147483647;
			files = (
				D06CB22B179F5FCE00A1310B /* script.js in Resources */,
				D0BF490D17E4DCF800CB9311 /* Images.xcassets in Resources */,
				D0BCAA30177900C300C965F4 /* InfoPlist.strings in Resources */,
				D0F94F8B20AA777300833A7F /* Icons.xcassets in Resources */,
				D0BCAA4A177903F500C965F4 /* Main.storyboard in Resources */,
				D0F94F8C20AA777300833A7F /* RMessageDefaultDesign.json in Resources */,
				D08D83B718161453005A75F0 /* Settings.bundle in Resources */,
				D023001B1A58C0E800B354E0 /* Launch Screen.xib in Resources */,
				D0BCAC2A1780E02600C965F4 /* OCArticleCell.xib in Resources */,
				D0F94F8D20AA777300833A7F /* RMessageView.xib in Resources */,
				D0BCAC6D178104FC00C965F4 /* defaults.plist in Resources */,
				D0622FEA18C4EBEC0032E622 /* News.xcmappingmodel in Resources */,
				D0BCAC8A178104FC00C965F4 /* rss.css in Resources */,
				D0BCAC8B178104FC00C965F4 /* rss.html in Resources */,
				D06CB21F179C887300A1310B /* OCArticleCell~iphone.xib in Resources */,
				D06CB221179C8E7500A1310B /* defaults~iphone.plist in Resources */,
			);
			runOnlyForDeploymentPostprocessing = 0;
		};
/* End PBXResourcesBuildPhase section */

/* Begin PBXShellScriptBuildPhase section */
		D06CB24117A2E91D00A1310B /* ShellScript */ = {
			isa = PBXShellScriptBuildPhase;
			buildActionMask = 2147483647;
			files = (
			);
			inputPaths = (
			);
			outputPaths = (
			);
			runOnlyForDeploymentPostprocessing = 0;
			shellPath = /bin/sh;
			shellScript = "cd ~/Projects/iOCNews/iOCNews\nmogenerator --template-var arc=true -m \"News.xcdatamodeld/News 5.xcdatamodel/\"";
		};
		D0735DC61F8337B0002D3AB3 /* ShellScript */ = {
			isa = PBXShellScriptBuildPhase;
			buildActionMask = 2147483647;
			files = (
			);
			inputPaths = (
				"$(SRCROOT)/Carthage/Build/iOS/AFNetworking.framework",
				"$(SRCROOT)/Carthage/Build/iOS/KSCrash.framework",
				"$(SRCROOT)/Carthage/Build/iOS/WebImage.framework",
			);
			outputPaths = (
				"$(BUILT_PRODUCTS_DIR)/$(FRAMEWORKS_FOLDER_PATH)/AFNetworking.framework",
				"$(BUILT_PRODUCTS_DIR)/$(FRAMEWORKS_FOLDER_PATH)/KSCrash.framework",
				"$(BUILT_PRODUCTS_DIR)/$(FRAMEWORKS_FOLDER_PATH)/WebImage.framework",
			);
			runOnlyForDeploymentPostprocessing = 0;
			shellPath = /bin/sh;
			shellScript = "/usr/local/bin/carthage copy-frameworks";
		};
		D08D83BA181727C9005A75F0 /* ShellScript */ = {
			isa = PBXShellScriptBuildPhase;
			buildActionMask = 2147483647;
			files = (
			);
			inputPaths = (
			);
			outputPaths = (
			);
			runOnlyForDeploymentPostprocessing = 0;
			shellPath = /bin/sh;
			shellScript = "#!/bin/bash\n\n#note: for simplicity, it's assumed that there's already a bundle version (which is an integer) and a version string. set them in the Summary pane!\n\n#get path to the BUILT .plist, NOT the packaged one! this fixes the off-by-one bug\nbuiltInfoPlistPath=${TARGET_BUILD_DIR}/${INFOPLIST_PATH}\necho \"using plist at $builtInfoPlistPath\"\n\nmodifiedFilesExist=false\n#this is the modification date to compare to -- there's a possible bug here, if you edit the built plist directly, for some reason. probably you shouldn't do that anyways.\ncompModDate=$(stat -f \"%m\" \"$builtInfoPlistPath\")\n\nfor filename in *\ndo\nmodDate=$(stat -f \"%m\" \"$filename\")\nif [ \"$modDate\" -gt \"$compModDate\" ]\nthen\nmodifiedFilesExist=true;\necho \"found newly modified file: $filename\"\nbreak\nfi\ndone\n\nif $modifiedFilesExist\nthen\necho \"A file is new, bumping version\"\n\n#increment the build number\nbuildNumber=$(/usr/libexec/PlistBuddy -c \"Print :CFBundleVersion\" \"$builtInfoPlistPath\")\necho \"retrieved current build number: $buildNumber\"\nbuildNumber=$(($buildNumber + 1))\n/usr/libexec/PlistBuddy -c \"Set :CFBundleVersion $buildNumber\" \"$builtInfoPlistPath\"\n/usr/libexec/PlistBuddy -c \"Set :CFBundleVersion $buildNumber\" \"$INFOPLIST_FILE\"\n\n#compose the version number string\nversionString=$(/usr/libexec/PlistBuddy -c \"Print :CFBundleShortVersionString\" \"$builtInfoPlistPath\")\nversionString+=\" (\"\nversionString+=$(/usr/libexec/PlistBuddy -c \"Print :CFBundleVersion\" \"$builtInfoPlistPath\")\nversionString+=\")\"\n\n#write the version number string to the settings bundle\n#IMPORTANT: this assumes the version number is the second property in the settings bundle!\n/usr/libexec/PlistBuddy -c \"Set :PreferenceSpecifiers:1:DefaultValue $versionString\" \"$SRCROOT/iOCNews/Settings.bundle/Root.plist\"\nelse\necho \"Version not incremented -- no newly modified files\"\nfi\n";
		};
/* End PBXShellScriptBuildPhase section */

/* Begin PBXSourcesBuildPhase section */
		D0BCAA1E177900C300C965F4 /* Sources */ = {
			isa = PBXSourcesBuildPhase;
			buildActionMask = 2147483647;
			files = (
				D042A9A320842E340086FBE9 /* OCThemeSettingsController.m in Sources */,
				D0BCAA32177900C400C965F4 /* main.m in Sources */,
				D0BCAA36177900C400C965F4 /* OCAppDelegate.m in Sources */,
				D0BCAA73177909A600C965F4 /* OCArticleCell.m in Sources */,
				D0BCAA74177909A600C965F4 /* OCArticleListController.m in Sources */,
				D0BCAA75177909A600C965F4 /* OCFeedCell.m in Sources */,
				D0BCAA76177909A600C965F4 /* OCFeedListController.m in Sources */,
				D0BCAA77177909A600C965F4 /* OCWebController.m in Sources */,
				D09B14A41C39E2A50019DB51 /* UIImageView+OCWebCache.m in Sources */,
				D00A956319E6226D00B9B8E4 /* OCSharingProvider.m in Sources */,
				D0F94F8F20AA777300833A7F /* RMessageView.m in Sources */,
				D0BCABDA1779112000C965F4 /* PHPrefViewController.m in Sources */,
				D0BCAC24177F80BC00C965F4 /* OCAPIClient.m in Sources */,
				D0BCAC311780E97200C965F4 /* OCArticleImage.m in Sources */,
				D0F181291783B12D00F719D9 /* OCLoginController.m in Sources */,
				D0F1812E178502D500F719D9 /* GTMNSString+HTML.m in Sources */,
				D0F1812F178502D500F719D9 /* NSString+HTML.m in Sources */,
				D0FD70791787626100EF1457 /* HTMLNode.m in Sources */,
				D0FD707A1787626100EF1457 /* HTMLParser.m in Sources */,
				D06CB22E17A06E4F00A1310B /* News.xcdatamodeld in Sources */,
				D06CB23117A073AA00A1310B /* Feed.m in Sources */,
				D06CB23417A073C500A1310B /* Item.m in Sources */,
				D06CB23917A0A0AA00A1310B /* OCNewsHelper.m in Sources */,
				D06CB23C17A1F88C00A1310B /* Feeds.m in Sources */,
				D06CB24817A2EA9300A1310B /* _Feed.m in Sources */,
				D0FB29611FA6A20D00578C29 /* PHThemeManager.m in Sources */,
				D06CB24917A2EA9300A1310B /* _Feeds.m in Sources */,
				D0F94F8E20AA777300833A7F /* RMessage.m in Sources */,
				D0735DCC1F905E39002D3AB3 /* UIColor+PHColor.m in Sources */,
				D06CB24A17A2EA9300A1310B /* _Item.m in Sources */,
				D035160A19DA403E0016573F /* PDKeychainBindingsController.m in Sources */,
				D0F94F9520AA793600833A7F /* UIViewController+PPTopMostController.m in Sources */,
				D0A33F581885B91B00C6DA92 /* OCBadgeView.m in Sources */,
				D04AD65F1807125600FF6056 /* _Folder.m in Sources */,
				D04AD6601807125600FF6056 /* Folder.m in Sources */,
				D08D832E18108D9B005A75F0 /* OCFolderTableViewController.m in Sources */,
				D0F8275017B2D83400BE84D7 /* OCFeedSettingsController.m in Sources */,
				D01ACADB17B83637005D1463 /* rd_list.c in Sources */,
				D01ACADC17B83637005D1463 /* readable.c in Sources */,
				D0F94F9220AA791300833A7F /* HexColors.m in Sources */,
				D0A33F6018876CF700C6DA92 /* OCTextView.m in Sources */,
				D0E89F581836E03A005F8CAF /* OCSettingsController.m in Sources */,
				D035160819DA403E0016573F /* PDKeychainBindings.m in Sources */,
				D01ACAFC17B969FE005D1463 /* NSDictionary+HandleNull.m in Sources */,
				D0735DC91F8989A2002D3AB3 /* PHArticleManagerController.m in Sources */,
			);
			runOnlyForDeploymentPostprocessing = 0;
		};
/* End PBXSourcesBuildPhase section */

/* Begin PBXVariantGroup section */
		D0BCAA2E177900C300C965F4 /* InfoPlist.strings */ = {
			isa = PBXVariantGroup;
			children = (
				D0BCAA2F177900C300C965F4 /* en */,
			);
			name = InfoPlist.strings;
			sourceTree = "<group>";
		};
		D0BCAA48177903F500C965F4 /* Main.storyboard */ = {
			isa = PBXVariantGroup;
			children = (
				D0BCAA49177903F500C965F4 /* en */,
			);
			name = Main.storyboard;
			sourceTree = "<group>";
		};
/* End PBXVariantGroup section */

/* Begin XCBuildConfiguration section */
		D06CB23F17A2E8F900A1310B /* Debug */ = {
			isa = XCBuildConfiguration;
			buildSettings = {
				PRODUCT_NAME = "$(TARGET_NAME)";
			};
			name = Debug;
		};
		D06CB24017A2E8F900A1310B /* Release */ = {
			isa = XCBuildConfiguration;
			buildSettings = {
				PRODUCT_NAME = "$(TARGET_NAME)";
			};
			name = Release;
		};
		D0BCAA43177900C400C965F4 /* Debug */ = {
			isa = XCBuildConfiguration;
			buildSettings = {
				ALWAYS_SEARCH_USER_PATHS = YES;
				CLANG_ANALYZER_LOCALIZABILITY_NONLOCALIZED = YES;
				CLANG_CXX_LANGUAGE_STANDARD = "gnu++0x";
				CLANG_CXX_LIBRARY = "libc++";
				CLANG_ENABLE_OBJC_ARC = YES;
				CLANG_WARN_BLOCK_CAPTURE_AUTORELEASING = YES;
				CLANG_WARN_BOOL_CONVERSION = YES;
				CLANG_WARN_COMMA = YES;
				CLANG_WARN_CONSTANT_CONVERSION = YES;
				CLANG_WARN_EMPTY_BODY = YES;
				CLANG_WARN_ENUM_CONVERSION = YES;
				CLANG_WARN_INFINITE_RECURSION = YES;
				CLANG_WARN_INT_CONVERSION = YES;
				CLANG_WARN_NON_LITERAL_NULL_CONVERSION = YES;
				CLANG_WARN_OBJC_LITERAL_CONVERSION = YES;
				CLANG_WARN_RANGE_LOOP_ANALYSIS = YES;
				CLANG_WARN_STRICT_PROTOTYPES = YES;
				CLANG_WARN_SUSPICIOUS_MOVE = YES;
				CLANG_WARN_UNREACHABLE_CODE = YES;
				CLANG_WARN__DUPLICATE_METHOD_MATCH = YES;
				CODE_SIGN_IDENTITY = "iPhone Developer: Peter Hedlund (9NWDB37N7L)";
				"CODE_SIGN_IDENTITY[sdk=iphoneos*]" = "iPhone Developer";
				COPY_PHASE_STRIP = NO;
				ENABLE_BITCODE = YES;
				ENABLE_STRICT_OBJC_MSGSEND = YES;
				ENABLE_TESTABILITY = YES;
				GCC_C_LANGUAGE_STANDARD = gnu99;
				GCC_DYNAMIC_NO_PIC = NO;
				GCC_NO_COMMON_BLOCKS = YES;
				GCC_OPTIMIZATION_LEVEL = 0;
				GCC_PREPROCESSOR_DEFINITIONS = (
					"DEBUG=1",
					"$(inherited)",
				);
				GCC_SYMBOLS_PRIVATE_EXTERN = NO;
				GCC_WARN_64_TO_32_BIT_CONVERSION = YES;
				GCC_WARN_ABOUT_RETURN_TYPE = YES;
				GCC_WARN_UNDECLARED_SELECTOR = YES;
				GCC_WARN_UNINITIALIZED_AUTOS = YES;
				GCC_WARN_UNUSED_FUNCTION = YES;
				GCC_WARN_UNUSED_VARIABLE = YES;
				HEADER_SEARCH_PATHS = /usr/include/libxml2;
				IPHONEOS_DEPLOYMENT_TARGET = 9.0;
				ONLY_ACTIVE_ARCH = YES;
				OTHER_LDFLAGS = "-lxml2";
				PROVISIONING_PROFILE = "";
				SDKROOT = iphoneos;
				STRIP_STYLE = debugging;
				TARGETED_DEVICE_FAMILY = 2;
			};
			name = Debug;
		};
		D0BCAA44177900C400C965F4 /* Release */ = {
			isa = XCBuildConfiguration;
			buildSettings = {
				ALWAYS_SEARCH_USER_PATHS = YES;
				CLANG_ANALYZER_LOCALIZABILITY_NONLOCALIZED = YES;
				CLANG_CXX_LANGUAGE_STANDARD = "gnu++0x";
				CLANG_CXX_LIBRARY = "libc++";
				CLANG_ENABLE_OBJC_ARC = YES;
				CLANG_WARN_BLOCK_CAPTURE_AUTORELEASING = YES;
				CLANG_WARN_BOOL_CONVERSION = YES;
				CLANG_WARN_COMMA = YES;
				CLANG_WARN_CONSTANT_CONVERSION = YES;
				CLANG_WARN_EMPTY_BODY = YES;
				CLANG_WARN_ENUM_CONVERSION = YES;
				CLANG_WARN_INFINITE_RECURSION = YES;
				CLANG_WARN_INT_CONVERSION = YES;
				CLANG_WARN_NON_LITERAL_NULL_CONVERSION = YES;
				CLANG_WARN_OBJC_LITERAL_CONVERSION = YES;
				CLANG_WARN_RANGE_LOOP_ANALYSIS = YES;
				CLANG_WARN_STRICT_PROTOTYPES = YES;
				CLANG_WARN_SUSPICIOUS_MOVE = YES;
				CLANG_WARN_UNREACHABLE_CODE = YES;
				CLANG_WARN__DUPLICATE_METHOD_MATCH = YES;
				CODE_SIGN_IDENTITY = "iPhone Developer: Peter Hedlund (9NWDB37N7L)";
				"CODE_SIGN_IDENTITY[sdk=iphoneos*]" = "iPhone Developer";
				COPY_PHASE_STRIP = YES;
				ENABLE_BITCODE = YES;
				ENABLE_STRICT_OBJC_MSGSEND = YES;
				GCC_C_LANGUAGE_STANDARD = gnu99;
				GCC_NO_COMMON_BLOCKS = YES;
				GCC_WARN_64_TO_32_BIT_CONVERSION = YES;
				GCC_WARN_ABOUT_RETURN_TYPE = YES;
				GCC_WARN_UNDECLARED_SELECTOR = YES;
				GCC_WARN_UNINITIALIZED_AUTOS = YES;
				GCC_WARN_UNUSED_FUNCTION = YES;
				GCC_WARN_UNUSED_VARIABLE = YES;
				HEADER_SEARCH_PATHS = /usr/include/libxml2;
				IPHONEOS_DEPLOYMENT_TARGET = 9.0;
				OTHER_CFLAGS = "-DNS_BLOCK_ASSERTIONS=1";
				OTHER_LDFLAGS = "-lxml2";
				PROVISIONING_PROFILE = "81225C99-CA78-4B62-944C-148036F8AFA7";
				SDKROOT = iphoneos;
				STRIP_STYLE = debugging;
				TARGETED_DEVICE_FAMILY = 2;
				VALIDATE_PRODUCT = YES;
			};
			name = Release;
		};
		D0BCAA46177900C400C965F4 /* Debug */ = {
			isa = XCBuildConfiguration;
			buildSettings = {
				ASSETCATALOG_COMPILER_APPICON_NAME = AppIcon;
				ASSETCATALOG_COMPILER_LAUNCHIMAGE_NAME = LaunchImage;
				CODE_SIGN_IDENTITY = "iPhone Developer";
				"CODE_SIGN_IDENTITY[sdk=iphoneos*]" = "iPhone Developer";
				FRAMEWORK_SEARCH_PATHS = (
					"$(inherited)",
					/Users/peter/Projects/iOCNews,
					"$(PROJECT_DIR)",
					"$(PROJECT_DIR)/Carthage/Build/iOS",
				);
				GCC_PRECOMPILE_PREFIX_HEADER = YES;
				GCC_PREFIX_HEADER = "iOCNews/iOCNews-Prefix.pch";
				INFOPLIST_FILE = "iOCNews/iOCNews-Info.plist";
				IPHONEOS_DEPLOYMENT_TARGET = 9.0;
				LD_RUNPATH_SEARCH_PATHS = "$(inherited) @executable_path/Frameworks";
				LIBRARY_SEARCH_PATHS = (
					"$(inherited)",
					"$(PROJECT_DIR)/pcre/lib",
				);
				OTHER_LDFLAGS = (
					"-lxml2",
					"-ObjC",
				);
				PRODUCT_BUNDLE_IDENTIFIER = "com.peterandlinda.${PRODUCT_NAME:rfc1034identifier}";
				PRODUCT_NAME = "$(TARGET_NAME)";
				PROVISIONING_PROFILE = "";
				STRIP_STYLE = debugging;
				TARGETED_DEVICE_FAMILY = "1,2";
				USER_HEADER_SEARCH_PATHS = "$(SRCROOT)/iOSPorts/include";
				WRAPPER_EXTENSION = app;
			};
			name = Debug;
		};
		D0BCAA47177900C400C965F4 /* Release */ = {
			isa = XCBuildConfiguration;
			buildSettings = {
				ASSETCATALOG_COMPILER_APPICON_NAME = AppIcon;
				ASSETCATALOG_COMPILER_LAUNCHIMAGE_NAME = LaunchImage;
				CODE_SIGN_IDENTITY = "iPhone Developer";
				"CODE_SIGN_IDENTITY[sdk=iphoneos*]" = "iPhone Developer";
				FRAMEWORK_SEARCH_PATHS = (
					"$(inherited)",
					/Users/peter/Projects/iOCNews,
					"$(PROJECT_DIR)",
					"$(PROJECT_DIR)/Carthage/Build/iOS",
				);
				GCC_PRECOMPILE_PREFIX_HEADER = YES;
				GCC_PREFIX_HEADER = "iOCNews/iOCNews-Prefix.pch";
				INFOPLIST_FILE = "iOCNews/iOCNews-Info.plist";
				IPHONEOS_DEPLOYMENT_TARGET = 9.0;
				LD_RUNPATH_SEARCH_PATHS = "$(inherited) @executable_path/Frameworks";
				LIBRARY_SEARCH_PATHS = (
					"$(inherited)",
					"$(PROJECT_DIR)/pcre/lib",
				);
				OTHER_LDFLAGS = (
					"-lxml2",
					"-ObjC",
				);
				PRODUCT_BUNDLE_IDENTIFIER = "com.peterandlinda.${PRODUCT_NAME:rfc1034identifier}";
				PRODUCT_NAME = "$(TARGET_NAME)";
				PROVISIONING_PROFILE = "";
				STRIP_STYLE = debugging;
				TARGETED_DEVICE_FAMILY = "1,2";
				USER_HEADER_SEARCH_PATHS = "$(SRCROOT)/iOSPorts/include";
				WRAPPER_EXTENSION = app;
			};
			name = Release;
		};
/* End XCBuildConfiguration section */

/* Begin XCConfigurationList section */
		D06CB23E17A2E8F900A1310B /* Build configuration list for PBXAggregateTarget "Mogenerator" */ = {
			isa = XCConfigurationList;
			buildConfigurations = (
				D06CB23F17A2E8F900A1310B /* Debug */,
				D06CB24017A2E8F900A1310B /* Release */,
			);
			defaultConfigurationIsVisible = 0;
			defaultConfigurationName = Release;
		};
		D0BCAA1D177900C300C965F4 /* Build configuration list for PBXProject "iOCNews" */ = {
			isa = XCConfigurationList;
			buildConfigurations = (
				D0BCAA43177900C400C965F4 /* Debug */,
				D0BCAA44177900C400C965F4 /* Release */,
			);
			defaultConfigurationIsVisible = 0;
			defaultConfigurationName = Release;
		};
		D0BCAA45177900C400C965F4 /* Build configuration list for PBXNativeTarget "iOCNews" */ = {
			isa = XCConfigurationList;
			buildConfigurations = (
				D0BCAA46177900C400C965F4 /* Debug */,
				D0BCAA47177900C400C965F4 /* Release */,
			);
			defaultConfigurationIsVisible = 0;
			defaultConfigurationName = Release;
		};
/* End XCConfigurationList section */

/* Begin XCVersionGroup section */
		D06CB22C17A06E4E00A1310B /* News.xcdatamodeld */ = {
			isa = XCVersionGroup;
			children = (
				D02B13141B40BBF700D99EA2 /* News 6.xcdatamodel */,
				D0622FE418C29BD40032E622 /* News 5.xcdatamodel */,
				D0A33F2B187F5BF900C6DA92 /* News 4.xcdatamodel */,
				D04AD65618070C4800FF6056 /* News 3.xcdatamodel */,
				D0C66C9A17B1935600F0EC7C /* News 2.xcdatamodel */,
				D06CB22D17A06E4F00A1310B /* News.xcdatamodel */,
			);
			currentVersion = D02B13141B40BBF700D99EA2 /* News 6.xcdatamodel */;
			path = News.xcdatamodeld;
			sourceTree = "<group>";
			versionGroupType = wrapper.xcdatamodel;
		};
/* End XCVersionGroup section */
	};
	rootObject = D0BCAA1A177900C300C965F4 /* Project object */;
}
